
Microsoft Visual Studio Solution File, Format Version 12.00
# Visual Studio Version 17
VisualStudioVersion = 17.13.35931.197
MinimumVisualStudioVersion = 10.0.40219.1
Project("{FAE04EC0-301F-11D3-BF4B-00C04F79EFBC}") = "LocalGames.Api", "LocalGames\LocalGames.Api.csproj", "{1E7645D0-8092-4767-A313-9127554A396B}"
EndProject
Project("{FAE04EC0-301F-11D3-BF4B-00C04F79EFBC}") = "LocalGames.Infra", "LocalGames.Infra\LocalGames.Infra.csproj", "{C0AC97AF-38CF-4BDD-8CA8-A8D23DD2AC95}"
EndProject
Project("{FAE04EC0-301F-11D3-BF4B-00C04F79EFBC}") = "LocalGames.Domain", "LocalGames.Domain\LocalGames.Domain.csproj", "{70EF5C5E-FB98-47BE-A951-0FEC78E6981B}"
EndProject
Global
	GlobalSection(SolutionConfigurationPlatforms) = preSolution
		Debug|Any CPU = Debug|Any CPU
		Release|Any CPU = Release|Any CPU
	EndGlobalSection
	GlobalSection(ProjectConfigurationPlatforms) = postSolution
		{1E7645D0-8092-4767-A313-9127554A396B}.Debug|Any CPU.ActiveCfg = Debug|Any CPU
		{1E7645D0-8092-4767-A313-9127554A396B}.Debug|Any CPU.Build.0 = Debug|Any CPU
		{1E7645D0-8092-4767-A313-9127554A396B}.Release|Any CPU.ActiveCfg = Release|Any CPU
		{1E7645D0-8092-4767-A313-9127554A396B}.Release|Any CPU.Build.0 = Release|Any CPU
		{C0AC97AF-38CF-4BDD-8CA8-A8D23DD2AC95}.Debug|Any CPU.ActiveCfg = Debug|Any CPU
		{C0AC97AF-38CF-4BDD-8CA8-A8D23DD2AC95}.Debug|Any CPU.Build.0 = Debug|Any CPU
		{C0AC97AF-38CF-4BDD-8CA8-A8D23DD2AC95}.Release|Any CPU.ActiveCfg = Release|Any CPU
		{C0AC97AF-38CF-4BDD-8CA8-A8D23DD2AC95}.Release|Any CPU.Build.0 = Release|Any CPU
		{70EF5C5E-FB98-47BE-A951-0FEC78E6981B}.Debug|Any CPU.ActiveCfg = Debug|Any CPU
		{70EF5C5E-FB98-47BE-A951-0FEC78E6981B}.Debug|Any CPU.Build.0 = Debug|Any CPU
		{70EF5C5E-FB98-47BE-A951-0FEC78E6981B}.Release|Any CPU.ActiveCfg = Release|Any CPU
		{70EF5C5E-FB98-47BE-A951-0FEC78E6981B}.Release|Any CPU.Build.0 = Release|Any CPU
	EndGlobalSection
	GlobalSection(SolutionProperties) = preSolution
		HideSolutionNode = FALSE
	EndGlobalSection
	GlobalSection(ExtensibilityGlobals) = postSolution
		SolutionGuid = {EC409B46-063F-4CE2-85A6-7720FDE7EE3C}
	EndGlobalSection
EndGlobal
